// !$*UTF8*$!
{
	archiveVersion = 1;
	classes = {
	};
	objectVersion = 55;
	objects = {

/* Begin PBXBuildFile section */
		D4CC01F127953FAF00F15957 /* AppDelegate.swift in Sources */ = {isa = PBXBuildFile; fileRef = D4CC01F027953FAF00F15957 /* AppDelegate.swift */; };
		D4CC01F327953FAF00F15957 /* SceneDelegate.swift in Sources */ = {isa = PBXBuildFile; fileRef = D4CC01F227953FAF00F15957 /* SceneDelegate.swift */; };
		D4CC01F527953FAF00F15957 /* ViewController.swift in Sources */ = {isa = PBXBuildFile; fileRef = D4CC01F427953FAF00F15957 /* ViewController.swift */; };
		D4CC01F827953FAF00F15957 /* Main.storyboard in Resources */ = {isa = PBXBuildFile; fileRef = D4CC01F627953FAF00F15957 /* Main.storyboard */; };
		D4CC01FB27953FAF00F15957 /* CryptocurrencyTradingApp.xcdatamodeld in Sources */ = {isa = PBXBuildFile; fileRef = D4CC01F927953FAF00F15957 /* CryptocurrencyTradingApp.xcdatamodeld */; };
		D4CC01FD27953FB000F15957 /* Assets.xcassets in Resources */ = {isa = PBXBuildFile; fileRef = D4CC01FC27953FB000F15957 /* Assets.xcassets */; };
		D4CC020027953FB000F15957 /* LaunchScreen.storyboard in Resources */ = {isa = PBXBuildFile; fileRef = D4CC01FE27953FB000F15957 /* LaunchScreen.storyboard */; };
		D4CC020927953FD300F15957 /* TickerAll.swift in Sources */ = {isa = PBXBuildFile; fileRef = D4CC020827953FD300F15957 /* TickerAll.swift */; };
		D4CC020B279540CF00F15957 /* WebSockerTicker.swift in Sources */ = {isa = PBXBuildFile; fileRef = D4CC020A279540CF00F15957 /* WebSockerTicker.swift */; };
		D4CC020D2795411A00F15957 /* WebSocketTransaction.swift in Sources */ = {isa = PBXBuildFile; fileRef = D4CC020C2795411A00F15957 /* WebSocketTransaction.swift */; };
		D4CC021027954AF400F15957 /* Networkable.swift in Sources */ = {isa = PBXBuildFile; fileRef = D4CC020F27954AF400F15957 /* Networkable.swift */; };
		D4CC021227954B5400F15957 /* NetworkModule.swift in Sources */ = {isa = PBXBuildFile; fileRef = D4CC021127954B5400F15957 /* NetworkModule.swift */; };
		D4CC021427954B7000F15957 /* NetworkError.swift in Sources */ = {isa = PBXBuildFile; fileRef = D4CC021327954B7000F15957 /* NetworkError.swift */; };
		D4CC021627954E2500F15957 /* NetworkManager.swift in Sources */ = {isa = PBXBuildFile; fileRef = D4CC021527954E2500F15957 /* NetworkManager.swift */; };
		D4CC021827954E3C00F15957 /* Route.swift in Sources */ = {isa = PBXBuildFile; fileRef = D4CC021727954E3C00F15957 /* Route.swift */; };
		D4CC021A27954E8900F15957 /* URLRequestTask.swift in Sources */ = {isa = PBXBuildFile; fileRef = D4CC021927954E8900F15957 /* URLRequestTask.swift */; };
		D4CC022027954F4600F15957 /* HTTPMethod.swift in Sources */ = {isa = PBXBuildFile; fileRef = D4CC021F27954F4600F15957 /* HTTPMethod.swift */; };
		E6899C70279544CC0006C980 /* ParsingManager.swift in Sources */ = {isa = PBXBuildFile; fileRef = E6899C6F279544CC0006C980 /* ParsingManager.swift */; };
		E6899C73279546320006C980 /* ParsingError.swift in Sources */ = {isa = PBXBuildFile; fileRef = E6899C72279546320006C980 /* ParsingError.swift */; };
/* End PBXBuildFile section */

/* Begin PBXFileReference section */
		D4CC01ED27953FAE00F15957 /* CryptocurrencyTradingApp.app */ = {isa = PBXFileReference; explicitFileType = wrapper.application; includeInIndex = 0; path = CryptocurrencyTradingApp.app; sourceTree = BUILT_PRODUCTS_DIR; };
		D4CC01F027953FAF00F15957 /* AppDelegate.swift */ = {isa = PBXFileReference; lastKnownFileType = sourcecode.swift; path = AppDelegate.swift; sourceTree = "<group>"; };
		D4CC01F227953FAF00F15957 /* SceneDelegate.swift */ = {isa = PBXFileReference; lastKnownFileType = sourcecode.swift; path = SceneDelegate.swift; sourceTree = "<group>"; };
		D4CC01F427953FAF00F15957 /* ViewController.swift */ = {isa = PBXFileReference; lastKnownFileType = sourcecode.swift; path = ViewController.swift; sourceTree = "<group>"; };
		D4CC01F727953FAF00F15957 /* Base */ = {isa = PBXFileReference; lastKnownFileType = file.storyboard; name = Base; path = Base.lproj/Main.storyboard; sourceTree = "<group>"; };
		D4CC01FA27953FAF00F15957 /* CryptocurrencyTradingApp.xcdatamodel */ = {isa = PBXFileReference; lastKnownFileType = wrapper.xcdatamodel; path = CryptocurrencyTradingApp.xcdatamodel; sourceTree = "<group>"; };
		D4CC01FC27953FB000F15957 /* Assets.xcassets */ = {isa = PBXFileReference; lastKnownFileType = folder.assetcatalog; path = Assets.xcassets; sourceTree = "<group>"; };
		D4CC01FF27953FB000F15957 /* Base */ = {isa = PBXFileReference; lastKnownFileType = file.storyboard; name = Base; path = Base.lproj/LaunchScreen.storyboard; sourceTree = "<group>"; };
		D4CC020127953FB000F15957 /* Info.plist */ = {isa = PBXFileReference; lastKnownFileType = text.plist.xml; path = Info.plist; sourceTree = "<group>"; };
		D4CC020827953FD300F15957 /* TickerAll.swift */ = {isa = PBXFileReference; lastKnownFileType = sourcecode.swift; path = TickerAll.swift; sourceTree = "<group>"; };
		D4CC020A279540CF00F15957 /* WebSockerTicker.swift */ = {isa = PBXFileReference; lastKnownFileType = sourcecode.swift; path = WebSockerTicker.swift; sourceTree = "<group>"; };
		D4CC020C2795411A00F15957 /* WebSocketTransaction.swift */ = {isa = PBXFileReference; lastKnownFileType = sourcecode.swift; path = WebSocketTransaction.swift; sourceTree = "<group>"; };
		D4CC020F27954AF400F15957 /* Networkable.swift */ = {isa = PBXFileReference; lastKnownFileType = sourcecode.swift; path = Networkable.swift; sourceTree = "<group>"; };
		D4CC021127954B5400F15957 /* NetworkModule.swift */ = {isa = PBXFileReference; lastKnownFileType = sourcecode.swift; path = NetworkModule.swift; sourceTree = "<group>"; };
		D4CC021327954B7000F15957 /* NetworkError.swift */ = {isa = PBXFileReference; lastKnownFileType = sourcecode.swift; path = NetworkError.swift; sourceTree = "<group>"; };
		D4CC021527954E2500F15957 /* NetworkManager.swift */ = {isa = PBXFileReference; lastKnownFileType = sourcecode.swift; path = NetworkManager.swift; sourceTree = "<group>"; };
		D4CC021727954E3C00F15957 /* Route.swift */ = {isa = PBXFileReference; lastKnownFileType = sourcecode.swift; path = Route.swift; sourceTree = "<group>"; };
		D4CC021927954E8900F15957 /* URLRequestTask.swift */ = {isa = PBXFileReference; lastKnownFileType = sourcecode.swift; path = URLRequestTask.swift; sourceTree = "<group>"; };
		D4CC021F27954F4600F15957 /* HTTPMethod.swift */ = {isa = PBXFileReference; lastKnownFileType = sourcecode.swift; path = HTTPMethod.swift; sourceTree = "<group>"; };
		E6899C6F279544CC0006C980 /* ParsingManager.swift */ = {isa = PBXFileReference; lastKnownFileType = sourcecode.swift; path = ParsingManager.swift; sourceTree = "<group>"; };
		E6899C72279546320006C980 /* ParsingError.swift */ = {isa = PBXFileReference; lastKnownFileType = sourcecode.swift; path = ParsingError.swift; sourceTree = "<group>"; };
/* End PBXFileReference section */

/* Begin PBXFrameworksBuildPhase section */
		D4CC01EA27953FAE00F15957 /* Frameworks */ = {
			isa = PBXFrameworksBuildPhase;
			buildActionMask = 2147483647;
			files = (
			);
			runOnlyForDeploymentPostprocessing = 0;
		};
/* End PBXFrameworksBuildPhase section */

/* Begin PBXGroup section */
		D4CC01E427953FAE00F15957 = {
			isa = PBXGroup;
			children = (
				D4CC01EF27953FAF00F15957 /* CryptocurrencyTradingApp */,
				D4CC01EE27953FAE00F15957 /* Products */,
			);
			sourceTree = "<group>";
		};
		D4CC01EE27953FAE00F15957 /* Products */ = {
			isa = PBXGroup;
			children = (
				D4CC01ED27953FAE00F15957 /* CryptocurrencyTradingApp.app */,
			);
			name = Products;
			sourceTree = "<group>";
		};
		D4CC01EF27953FAF00F15957 /* CryptocurrencyTradingApp */ = {
			isa = PBXGroup;
			children = (
				D4CC021E27954F3D00F15957 /* Enum */,
				D4CC020E27954AEC00F15957 /* Protocol */,
				E6899C712795460E0006C980 /* ErrorCase */,
				E6899C6E2795444E0006C980 /* Manager */,
				D4CC020727953FCD00F15957 /* Model */,
				D4CC01F027953FAF00F15957 /* AppDelegate.swift */,
				D4CC01F227953FAF00F15957 /* SceneDelegate.swift */,
				D4CC01F427953FAF00F15957 /* ViewController.swift */,
				D4CC01F627953FAF00F15957 /* Main.storyboard */,
				D4CC01FC27953FB000F15957 /* Assets.xcassets */,
				D4CC01FE27953FB000F15957 /* LaunchScreen.storyboard */,
				D4CC020127953FB000F15957 /* Info.plist */,
				D4CC01F927953FAF00F15957 /* CryptocurrencyTradingApp.xcdatamodeld */,
			);
			path = CryptocurrencyTradingApp;
			sourceTree = "<group>";
		};
		D4CC020727953FCD00F15957 /* Model */ = {
			isa = PBXGroup;
			children = (
				D4CC020827953FD300F15957 /* TickerAll.swift */,
				D4CC020A279540CF00F15957 /* WebSockerTicker.swift */,
				D4CC020C2795411A00F15957 /* WebSocketTransaction.swift */,
			);
			path = Model;
			sourceTree = "<group>";
		};
		D4CC020E27954AEC00F15957 /* Protocol */ = {
			isa = PBXGroup;
			children = (
				D4CC020F27954AF400F15957 /* Networkable.swift */,
				D4CC021727954E3C00F15957 /* Route.swift */,
			);
			path = Protocol;
			sourceTree = "<group>";
		};
		D4CC021E27954F3D00F15957 /* Enum */ = {
			isa = PBXGroup;
			children = (
				D4CC021F27954F4600F15957 /* HTTPMethod.swift */,
			);
			path = Enum;
			sourceTree = "<group>";
		};
		E6899C6E2795444E0006C980 /* Manager */ = {
			isa = PBXGroup;
			children = (
				E6899C6F279544CC0006C980 /* ParsingManager.swift */,
				D4CC021127954B5400F15957 /* NetworkModule.swift */,
				D4CC021527954E2500F15957 /* NetworkManager.swift */,
				D4CC021927954E8900F15957 /* URLRequestTask.swift */,
			);
			path = Manager;
			sourceTree = "<group>";
		};
		E6899C712795460E0006C980 /* ErrorCase */ = {
			isa = PBXGroup;
			children = (
				E6899C72279546320006C980 /* ParsingError.swift */,
				D4CC021327954B7000F15957 /* NetworkError.swift */,
			);
			path = ErrorCase;
			sourceTree = "<group>";
		};
/* End PBXGroup section */

/* Begin PBXNativeTarget section */
		D4CC01EC27953FAE00F15957 /* CryptocurrencyTradingApp */ = {
			isa = PBXNativeTarget;
			buildConfigurationList = D4CC020427953FB000F15957 /* Build configuration list for PBXNativeTarget "CryptocurrencyTradingApp" */;
			buildPhases = (
				D4CC01E927953FAE00F15957 /* Sources */,
				D4CC01EA27953FAE00F15957 /* Frameworks */,
				D4CC01EB27953FAE00F15957 /* Resources */,
			);
			buildRules = (
			);
			dependencies = (
			);
			name = CryptocurrencyTradingApp;
			productName = CryptocurrencyTradingApp;
			productReference = D4CC01ED27953FAE00F15957 /* CryptocurrencyTradingApp.app */;
			productType = "com.apple.product-type.application";
		};
/* End PBXNativeTarget section */

/* Begin PBXProject section */
		D4CC01E527953FAE00F15957 /* Project object */ = {
			isa = PBXProject;
			attributes = {
				BuildIndependentTargetsInParallel = 1;
				LastSwiftUpdateCheck = 1310;
				LastUpgradeCheck = 1310;
				TargetAttributes = {
					D4CC01EC27953FAE00F15957 = {
						CreatedOnToolsVersion = 13.1;
					};
				};
			};
			buildConfigurationList = D4CC01E827953FAE00F15957 /* Build configuration list for PBXProject "CryptocurrencyTradingApp" */;
			compatibilityVersion = "Xcode 13.0";
			developmentRegion = en;
			hasScannedForEncodings = 0;
			knownRegions = (
				en,
				Base,
			);
			mainGroup = D4CC01E427953FAE00F15957;
			productRefGroup = D4CC01EE27953FAE00F15957 /* Products */;
			projectDirPath = "";
			projectRoot = "";
			targets = (
				D4CC01EC27953FAE00F15957 /* CryptocurrencyTradingApp */,
			);
		};
/* End PBXProject section */

/* Begin PBXResourcesBuildPhase section */
		D4CC01EB27953FAE00F15957 /* Resources */ = {
			isa = PBXResourcesBuildPhase;
			buildActionMask = 2147483647;
			files = (
				D4CC020027953FB000F15957 /* LaunchScreen.storyboard in Resources */,
				D4CC01FD27953FB000F15957 /* Assets.xcassets in Resources */,
				D4CC01F827953FAF00F15957 /* Main.storyboard in Resources */,
			);
			runOnlyForDeploymentPostprocessing = 0;
		};
/* End PBXResourcesBuildPhase section */

/* Begin PBXSourcesBuildPhase section */
		D4CC01E927953FAE00F15957 /* Sources */ = {
			isa = PBXSourcesBuildPhase;
			buildActionMask = 2147483647;
			files = (
				D4CC021227954B5400F15957 /* NetworkModule.swift in Sources */,
				E6899C70279544CC0006C980 /* ParsingManager.swift in Sources */,
				D4CC01F527953FAF00F15957 /* ViewController.swift in Sources */,
				D4CC021627954E2500F15957 /* NetworkManager.swift in Sources */,
				D4CC020B279540CF00F15957 /* WebSockerTicker.swift in Sources */,
				D4CC021827954E3C00F15957 /* Route.swift in Sources */,
				D4CC01F127953FAF00F15957 /* AppDelegate.swift in Sources */,
				D4CC020927953FD300F15957 /* TickerAll.swift in Sources */,
				D4CC021A27954E8900F15957 /* URLRequestTask.swift in Sources */,
				D4CC01F327953FAF00F15957 /* SceneDelegate.swift in Sources */,
				D4CC020D2795411A00F15957 /* WebSocketTransaction.swift in Sources */,
				E6899C73279546320006C980 /* ParsingError.swift in Sources */,
				D4CC022027954F4600F15957 /* HTTPMethod.swift in Sources */,
				D4CC021427954B7000F15957 /* NetworkError.swift in Sources */,
				D4CC021027954AF400F15957 /* Networkable.swift in Sources */,
				D4CC01FB27953FAF00F15957 /* CryptocurrencyTradingApp.xcdatamodeld in Sources */,
			);
			runOnlyForDeploymentPostprocessing = 0;
		};
/* End PBXSourcesBuildPhase section */

/* Begin PBXVariantGroup section */
		D4CC01F627953FAF00F15957 /* Main.storyboard */ = {
			isa = PBXVariantGroup;
			children = (
				D4CC01F727953FAF00F15957 /* Base */,
			);
			name = Main.storyboard;
			sourceTree = "<group>";
		};
		D4CC01FE27953FB000F15957 /* LaunchScreen.storyboard */ = {
			isa = PBXVariantGroup;
			children = (
				D4CC01FF27953FB000F15957 /* Base */,
			);
			name = LaunchScreen.storyboard;
			sourceTree = "<group>";
		};
/* End PBXVariantGroup section */

/* Begin XCBuildConfiguration section */
		D4CC020227953FB000F15957 /* Debug */ = {
			isa = XCBuildConfiguration;
			buildSettings = {
				ALWAYS_SEARCH_USER_PATHS = NO;
				CLANG_ANALYZER_NONNULL = YES;
				CLANG_ANALYZER_NUMBER_OBJECT_CONVERSION = YES_AGGRESSIVE;
				CLANG_CXX_LANGUAGE_STANDARD = "gnu++17";
				CLANG_CXX_LIBRARY = "libc++";
				CLANG_ENABLE_MODULES = YES;
				CLANG_ENABLE_OBJC_ARC = YES;
				CLANG_ENABLE_OBJC_WEAK = YES;
				CLANG_WARN_BLOCK_CAPTURE_AUTORELEASING = YES;
				CLANG_WARN_BOOL_CONVERSION = YES;
				CLANG_WARN_COMMA = YES;
				CLANG_WARN_CONSTANT_CONVERSION = YES;
				CLANG_WARN_DEPRECATED_OBJC_IMPLEMENTATIONS = YES;
				CLANG_WARN_DIRECT_OBJC_ISA_USAGE = YES_ERROR;
				CLANG_WARN_DOCUMENTATION_COMMENTS = YES;
				CLANG_WARN_EMPTY_BODY = YES;
				CLANG_WARN_ENUM_CONVERSION = YES;
				CLANG_WARN_INFINITE_RECURSION = YES;
				CLANG_WARN_INT_CONVERSION = YES;
				CLANG_WARN_NON_LITERAL_NULL_CONVERSION = YES;
				CLANG_WARN_OBJC_IMPLICIT_RETAIN_SELF = YES;
				CLANG_WARN_OBJC_LITERAL_CONVERSION = YES;
				CLANG_WARN_OBJC_ROOT_CLASS = YES_ERROR;
				CLANG_WARN_QUOTED_INCLUDE_IN_FRAMEWORK_HEADER = YES;
				CLANG_WARN_RANGE_LOOP_ANALYSIS = YES;
				CLANG_WARN_STRICT_PROTOTYPES = YES;
				CLANG_WARN_SUSPICIOUS_MOVE = YES;
				CLANG_WARN_UNGUARDED_AVAILABILITY = YES_AGGRESSIVE;
				CLANG_WARN_UNREACHABLE_CODE = YES;
				CLANG_WARN__DUPLICATE_METHOD_MATCH = YES;
				COPY_PHASE_STRIP = NO;
				DEBUG_INFORMATION_FORMAT = dwarf;
				ENABLE_STRICT_OBJC_MSGSEND = YES;
				ENABLE_TESTABILITY = YES;
				GCC_C_LANGUAGE_STANDARD = gnu11;
				GCC_DYNAMIC_NO_PIC = NO;
				GCC_NO_COMMON_BLOCKS = YES;
				GCC_OPTIMIZATION_LEVEL = 0;
				GCC_PREPROCESSOR_DEFINITIONS = (
					"DEBUG=1",
					"$(inherited)",
				);
				GCC_WARN_64_TO_32_BIT_CONVERSION = YES;
				GCC_WARN_ABOUT_RETURN_TYPE = YES_ERROR;
				GCC_WARN_UNDECLARED_SELECTOR = YES;
				GCC_WARN_UNINITIALIZED_AUTOS = YES_AGGRESSIVE;
				GCC_WARN_UNUSED_FUNCTION = YES;
				GCC_WARN_UNUSED_VARIABLE = YES;
				IPHONEOS_DEPLOYMENT_TARGET = 15.0;
				MTL_ENABLE_DEBUG_INFO = INCLUDE_SOURCE;
				MTL_FAST_MATH = YES;
				ONLY_ACTIVE_ARCH = YES;
				SDKROOT = iphoneos;
				SWIFT_ACTIVE_COMPILATION_CONDITIONS = DEBUG;
				SWIFT_OPTIMIZATION_LEVEL = "-Onone";
			};
			name = Debug;
		};
		D4CC020327953FB000F15957 /* Release */ = {
			isa = XCBuildConfiguration;
			buildSettings = {
				ALWAYS_SEARCH_USER_PATHS = NO;
				CLANG_ANALYZER_NONNULL = YES;
				CLANG_ANALYZER_NUMBER_OBJECT_CONVERSION = YES_AGGRESSIVE;
				CLANG_CXX_LANGUAGE_STANDARD = "gnu++17";
				CLANG_CXX_LIBRARY = "libc++";
				CLANG_ENABLE_MODULES = YES;
				CLANG_ENABLE_OBJC_ARC = YES;
				CLANG_ENABLE_OBJC_WEAK = YES;
				CLANG_WARN_BLOCK_CAPTURE_AUTORELEASING = YES;
				CLANG_WARN_BOOL_CONVERSION = YES;
				CLANG_WARN_COMMA = YES;
				CLANG_WARN_CONSTANT_CONVERSION = YES;
				CLANG_WARN_DEPRECATED_OBJC_IMPLEMENTATIONS = YES;
				CLANG_WARN_DIRECT_OBJC_ISA_USAGE = YES_ERROR;
				CLANG_WARN_DOCUMENTATION_COMMENTS = YES;
				CLANG_WARN_EMPTY_BODY = YES;
				CLANG_WARN_ENUM_CONVERSION = YES;
				CLANG_WARN_INFINITE_RECURSION = YES;
				CLANG_WARN_INT_CONVERSION = YES;
				CLANG_WARN_NON_LITERAL_NULL_CONVERSION = YES;
				CLANG_WARN_OBJC_IMPLICIT_RETAIN_SELF = YES;
				CLANG_WARN_OBJC_LITERAL_CONVERSION = YES;
				CLANG_WARN_OBJC_ROOT_CLASS = YES_ERROR;
				CLANG_WARN_QUOTED_INCLUDE_IN_FRAMEWORK_HEADER = YES;
				CLANG_WARN_RANGE_LOOP_ANALYSIS = YES;
				CLANG_WARN_STRICT_PROTOTYPES = YES;
				CLANG_WARN_SUSPICIOUS_MOVE = YES;
				CLANG_WARN_UNGUARDED_AVAILABILITY = YES_AGGRESSIVE;
				CLANG_WARN_UNREACHABLE_CODE = YES;
				CLANG_WARN__DUPLICATE_METHOD_MATCH = YES;
				COPY_PHASE_STRIP = NO;
				DEBUG_INFORMATION_FORMAT = "dwarf-with-dsym";
				ENABLE_NS_ASSERTIONS = NO;
				ENABLE_STRICT_OBJC_MSGSEND = YES;
				GCC_C_LANGUAGE_STANDARD = gnu11;
				GCC_NO_COMMON_BLOCKS = YES;
				GCC_WARN_64_TO_32_BIT_CONVERSION = YES;
				GCC_WARN_ABOUT_RETURN_TYPE = YES_ERROR;
				GCC_WARN_UNDECLARED_SELECTOR = YES;
				GCC_WARN_UNINITIALIZED_AUTOS = YES_AGGRESSIVE;
				GCC_WARN_UNUSED_FUNCTION = YES;
				GCC_WARN_UNUSED_VARIABLE = YES;
				IPHONEOS_DEPLOYMENT_TARGET = 15.0;
				MTL_ENABLE_DEBUG_INFO = NO;
				MTL_FAST_MATH = YES;
				SDKROOT = iphoneos;
				SWIFT_COMPILATION_MODE = wholemodule;
				SWIFT_OPTIMIZATION_LEVEL = "-O";
				VALIDATE_PRODUCT = YES;
			};
			name = Release;
		};
		D4CC020527953FB000F15957 /* Debug */ = {
			isa = XCBuildConfiguration;
			buildSettings = {
				ASSETCATALOG_COMPILER_APPICON_NAME = AppIcon;
				ASSETCATALOG_COMPILER_GLOBAL_ACCENT_COLOR_NAME = AccentColor;
				CODE_SIGN_STYLE = Automatic;
				CURRENT_PROJECT_VERSION = 1;
				DEVELOPMENT_TEAM = SZAN3SDFY5;
				GENERATE_INFOPLIST_FILE = YES;
				INFOPLIST_FILE = CryptocurrencyTradingApp/Info.plist;
				INFOPLIST_KEY_UIApplicationSupportsIndirectInputEvents = YES;
				INFOPLIST_KEY_UILaunchStoryboardName = LaunchScreen;
				INFOPLIST_KEY_UIMainStoryboardFile = Main;
				INFOPLIST_KEY_UISupportedInterfaceOrientations_iPad = "UIInterfaceOrientationPortrait UIInterfaceOrientationPortraitUpsideDown UIInterfaceOrientationLandscapeLeft UIInterfaceOrientationLandscapeRight";
				INFOPLIST_KEY_UISupportedInterfaceOrientations_iPhone = "UIInterfaceOrientationPortrait UIInterfaceOrientationLandscapeLeft UIInterfaceOrientationLandscapeRight";
				LD_RUNPATH_SEARCH_PATHS = (
					"$(inherited)",
					"@executable_path/Frameworks",
				);
				MARKETING_VERSION = 1.0;
				PRODUCT_BUNDLE_IDENTIFIER = com.isjoeyful.CryptocurrencyTradingApp;
				PRODUCT_NAME = "$(TARGET_NAME)";
				SWIFT_EMIT_LOC_STRINGS = YES;
				SWIFT_VERSION = 5.0;
				TARGETED_DEVICE_FAMILY = "1,2";
			};
			name = Debug;
		};
		D4CC020627953FB000F15957 /* Release */ = {
			isa = XCBuildConfiguration;
			buildSettings = {
				ASSETCATALOG_COMPILER_APPICON_NAME = AppIcon;
				ASSETCATALOG_COMPILER_GLOBAL_ACCENT_COLOR_NAME = AccentColor;
				CODE_SIGN_STYLE = Automatic;
				CURRENT_PROJECT_VERSION = 1;
				DEVELOPMENT_TEAM = SZAN3SDFY5;
				GENERATE_INFOPLIST_FILE = YES;
				INFOPLIST_FILE = CryptocurrencyTradingApp/Info.plist;
				INFOPLIST_KEY_UIApplicationSupportsIndirectInputEvents = YES;
				INFOPLIST_KEY_UILaunchStoryboardName = LaunchScreen;
				INFOPLIST_KEY_UIMainStoryboardFile = Main;
				INFOPLIST_KEY_UISupportedInterfaceOrientations_iPad = "UIInterfaceOrientationPortrait UIInterfaceOrientationPortraitUpsideDown UIInterfaceOrientationLandscapeLeft UIInterfaceOrientationLandscapeRight";
				INFOPLIST_KEY_UISupportedInterfaceOrientations_iPhone = "UIInterfaceOrientationPortrait UIInterfaceOrientationLandscapeLeft UIInterfaceOrientationLandscapeRight";
				LD_RUNPATH_SEARCH_PATHS = (
					"$(inherited)",
					"@executable_path/Frameworks",
				);
				MARKETING_VERSION = 1.0;
				PRODUCT_BUNDLE_IDENTIFIER = com.isjoeyful.CryptocurrencyTradingApp;
				PRODUCT_NAME = "$(TARGET_NAME)";
				SWIFT_EMIT_LOC_STRINGS = YES;
				SWIFT_VERSION = 5.0;
				TARGETED_DEVICE_FAMILY = "1,2";
			};
			name = Release;
		};
/* End XCBuildConfiguration section */

/* Begin XCConfigurationList section */
		D4CC01E827953FAE00F15957 /* Build configuration list for PBXProject "CryptocurrencyTradingApp" */ = {
			isa = XCConfigurationList;
			buildConfigurations = (
				D4CC020227953FB000F15957 /* Debug */,
				D4CC020327953FB000F15957 /* Release */,
			);
			defaultConfigurationIsVisible = 0;
			defaultConfigurationName = Release;
		};
		D4CC020427953FB000F15957 /* Build configuration list for PBXNativeTarget "CryptocurrencyTradingApp" */ = {
			isa = XCConfigurationList;
			buildConfigurations = (
				D4CC020527953FB000F15957 /* Debug */,
				D4CC020627953FB000F15957 /* Release */,
			);
			defaultConfigurationIsVisible = 0;
			defaultConfigurationName = Release;
		};
/* End XCConfigurationList section */

/* Begin XCVersionGroup section */
		D4CC01F927953FAF00F15957 /* CryptocurrencyTradingApp.xcdatamodeld */ = {
			isa = XCVersionGroup;
			children = (
				D4CC01FA27953FAF00F15957 /* CryptocurrencyTradingApp.xcdatamodel */,
			);
			currentVersion = D4CC01FA27953FAF00F15957 /* CryptocurrencyTradingApp.xcdatamodel */;
			path = CryptocurrencyTradingApp.xcdatamodeld;
			sourceTree = "<group>";
			versionGroupType = wrapper.xcdatamodel;
		};
/* End XCVersionGroup section */
	};
	rootObject = D4CC01E527953FAE00F15957 /* Project object */;
}
