// !$*UTF8*$!
{
	archiveVersion = 1;
	classes = {
	};
	objectVersion = 55;
	objects = {

/* Begin PBXBuildFile section */
		D47D009B2797A09400E8E305 /* MainListTableViewCell.swift in Sources */ = {isa = PBXBuildFile; fileRef = D47D009A2797A09400E8E305 /* MainListTableViewCell.swift */; };
		D47D009D2797A0C700E8E305 /* UILable+Extension.swift in Sources */ = {isa = PBXBuildFile; fileRef = D47D009C2797A0C700E8E305 /* UILable+Extension.swift */; };
		D47D009F2797A0EA00E8E305 /* UIStackView+Extension.swift in Sources */ = {isa = PBXBuildFile; fileRef = D47D009E2797A0EA00E8E305 /* UIStackView+Extension.swift */; };
		D47D00A32797A1A600E8E305 /* MainListCoin.swift in Sources */ = {isa = PBXBuildFile; fileRef = D47D00A22797A1A600E8E305 /* MainListCoin.swift */; };
		D47D00A52797A70400E8E305 /* String+Extension.swift in Sources */ = {isa = PBXBuildFile; fileRef = D47D00A42797A70400E8E305 /* String+Extension.swift */; };
		D4AFEB2B27A01FC300011251 /* RestAPITransaction.swift in Sources */ = {isa = PBXBuildFile; fileRef = D4AFEB2A27A01FC300011251 /* RestAPITransaction.swift */; };
		D4AFEB2D27A0350800011251 /* Transaction.swift in Sources */ = {isa = PBXBuildFile; fileRef = D4AFEB2C27A0350800011251 /* Transaction.swift */; };
		D4AFEB2F27A03FB300011251 /* MainListCoinViewModel.swift in Sources */ = {isa = PBXBuildFile; fileRef = D4AFEB2E27A03FB300011251 /* MainListCoinViewModel.swift */; };
		D4AFEB3127A0414200011251 /* MainListCoinsViewModel.swift in Sources */ = {isa = PBXBuildFile; fileRef = D4AFEB3027A0414200011251 /* MainListCoinsViewModel.swift */; };
		D4AFEB3327A0552500011251 /* MainListHeaderViewModel.swift in Sources */ = {isa = PBXBuildFile; fileRef = D4AFEB3227A0552500011251 /* MainListHeaderViewModel.swift */; };
		D4CC01F127953FAF00F15957 /* AppDelegate.swift in Sources */ = {isa = PBXBuildFile; fileRef = D4CC01F027953FAF00F15957 /* AppDelegate.swift */; };
		D4CC01F327953FAF00F15957 /* SceneDelegate.swift in Sources */ = {isa = PBXBuildFile; fileRef = D4CC01F227953FAF00F15957 /* SceneDelegate.swift */; };
		D4CC01F527953FAF00F15957 /* ViewController.swift in Sources */ = {isa = PBXBuildFile; fileRef = D4CC01F427953FAF00F15957 /* ViewController.swift */; };
		D4CC01FB27953FAF00F15957 /* CryptocurrencyTradingApp.xcdatamodeld in Sources */ = {isa = PBXBuildFile; fileRef = D4CC01F927953FAF00F15957 /* CryptocurrencyTradingApp.xcdatamodeld */; };
		D4CC01FD27953FB000F15957 /* Assets.xcassets in Resources */ = {isa = PBXBuildFile; fileRef = D4CC01FC27953FB000F15957 /* Assets.xcassets */; };
		D4CC020027953FB000F15957 /* LaunchScreen.storyboard in Resources */ = {isa = PBXBuildFile; fileRef = D4CC01FE27953FB000F15957 /* LaunchScreen.storyboard */; };
		D4CC020927953FD300F15957 /* TickerAll.swift in Sources */ = {isa = PBXBuildFile; fileRef = D4CC020827953FD300F15957 /* TickerAll.swift */; };
		D4CC020B279540CF00F15957 /* WebSockerTicker.swift in Sources */ = {isa = PBXBuildFile; fileRef = D4CC020A279540CF00F15957 /* WebSockerTicker.swift */; };
		D4CC020D2795411A00F15957 /* WebSocketTransaction.swift in Sources */ = {isa = PBXBuildFile; fileRef = D4CC020C2795411A00F15957 /* WebSocketTransaction.swift */; };
		D4CC021427954B7000F15957 /* NetworkError.swift in Sources */ = {isa = PBXBuildFile; fileRef = D4CC021327954B7000F15957 /* NetworkError.swift */; };
		D4CC02222795504900F15957 /* RestAPIType.swift in Sources */ = {isa = PBXBuildFile; fileRef = D4CC02212795504900F15957 /* RestAPIType.swift */; };
		D4CC02272795B3C700F15957 /* RestAPIManager.swift in Sources */ = {isa = PBXBuildFile; fileRef = D4CC02262795B3C700F15957 /* RestAPIManager.swift */; };
		D4CC0265279690B800F15957 /* RestAPIDataModel.swift in Sources */ = {isa = PBXBuildFile; fileRef = D4CC0264279690B800F15957 /* RestAPIDataModel.swift */; };
		D4D0D2002799A35100734C42 /* MainListViewController.swift in Sources */ = {isa = PBXBuildFile; fileRef = D4D0D1FF2799A35100734C42 /* MainListViewController.swift */; };
		D4D0D29C279B083200734C42 /* MainListHeaderView.swift in Sources */ = {isa = PBXBuildFile; fileRef = D4D0D29B279B083200734C42 /* MainListHeaderView.swift */; };
		D4D0D29E279C29B500734C42 /* Sort.swift in Sources */ = {isa = PBXBuildFile; fileRef = D4D0D29D279C29B500734C42 /* Sort.swift */; };
		D4D0D294279AE73000734C42 /* CandleData+CoreDataClass.swift in Sources */ = {isa = PBXBuildFile; fileRef = D4D0D292279AE73000734C42 /* CandleData+CoreDataClass.swift */; };
		D4D0D295279AE73000734C42 /* CandleData+CoreDataProperties.swift in Sources */ = {isa = PBXBuildFile; fileRef = D4D0D293279AE73000734C42 /* CandleData+CoreDataProperties.swift */; };
		D4D0D298279AE7A000734C42 /* CandleCoreDataManager.swift in Sources */ = {isa = PBXBuildFile; fileRef = D4D0D297279AE7A000734C42 /* CandleCoreDataManager.swift */; };
		D4D0D29C279B083200734C42 /* MainListHeaderView.swift in Sources */ = {isa = PBXBuildFile; fileRef = D4D0D29B279B083200734C42 /* MainListHeaderView.swift */; };
		D4D0D29E279C29B500734C42 /* Sort.swift in Sources */ = {isa = PBXBuildFile; fileRef = D4D0D29D279C29B500734C42 /* Sort.swift */; };
		D4D0D2B227A0024B00734C42 /* TransactionViewModel.swift in Sources */ = {isa = PBXBuildFile; fileRef = D4D0D2B127A0024B00734C42 /* TransactionViewModel.swift */; };
		E61B2C032796BC4100E919B0 /* Charts in Frameworks */ = {isa = PBXBuildFile; productRef = E61B2C022796BC4100E919B0 /* Charts */; };
		E61B2C082796BC5700E919B0 /* SnapKit in Frameworks */ = {isa = PBXBuildFile; productRef = E61B2C072796BC5700E919B0 /* SnapKit */; };
		E64BFA272795616600BC17A1 /* WebsocketManager.swift in Sources */ = {isa = PBXBuildFile; fileRef = E64BFA262795616600BC17A1 /* WebsocketManager.swift */; };
		E64BFA2C27956FAC00BC17A1 /* WebsocketParameter.swift in Sources */ = {isa = PBXBuildFile; fileRef = E64BFA2B27956FAC00BC17A1 /* WebsocketParameter.swift */; };
		E64BFA2E27956FCF00BC17A1 /* RequestTik.swift in Sources */ = {isa = PBXBuildFile; fileRef = E64BFA2D27956FCF00BC17A1 /* RequestTik.swift */; };
		E64BFA3027956FF400BC17A1 /* RequestType.swift in Sources */ = {isa = PBXBuildFile; fileRef = E64BFA2F27956FF400BC17A1 /* RequestType.swift */; };
		E64BFA3227958BD900BC17A1 /* CoinType.swift in Sources */ = {isa = PBXBuildFile; fileRef = E64BFA3127958BD900BC17A1 /* CoinType.swift */; };
		E64BFA3627959B7100BC17A1 /* WebSocketDataModel.swift in Sources */ = {isa = PBXBuildFile; fileRef = E64BFA3527959B7100BC17A1 /* WebSocketDataModel.swift */; };
		E64BFA3927959D3100BC17A1 /* NotificationName+Extension.swift in Sources */ = {isa = PBXBuildFile; fileRef = E64BFA3827959D3100BC17A1 /* NotificationName+Extension.swift */; };
		E68713602798422B0036CA0D /* CandleStick.swift in Sources */ = {isa = PBXBuildFile; fileRef = E687135F2798422B0036CA0D /* CandleStick.swift */; };
		E6899C70279544CC0006C980 /* ParsingManager.swift in Sources */ = {isa = PBXBuildFile; fileRef = E6899C6F279544CC0006C980 /* ParsingManager.swift */; };
		E6899C73279546320006C980 /* ParsingError.swift in Sources */ = {isa = PBXBuildFile; fileRef = E6899C72279546320006C980 /* ParsingError.swift */; };
		E6C96497279A9A7F0007B55E /* RequestChartInterval.swift in Sources */ = {isa = PBXBuildFile; fileRef = E6C96496279A9A7F0007B55E /* RequestChartInterval.swift */; };
		E6EC8683279AC36C005A6534 /* ChartViewController.swift in Sources */ = {isa = PBXBuildFile; fileRef = E6EC8682279AC36C005A6534 /* ChartViewController.swift */; };
/* End PBXBuildFile section */

/* Begin PBXFileReference section */
		D47D009A2797A09400E8E305 /* MainListTableViewCell.swift */ = {isa = PBXFileReference; lastKnownFileType = sourcecode.swift; path = MainListTableViewCell.swift; sourceTree = "<group>"; };
		D47D009C2797A0C700E8E305 /* UILable+Extension.swift */ = {isa = PBXFileReference; lastKnownFileType = sourcecode.swift; path = "UILable+Extension.swift"; sourceTree = "<group>"; };
		D47D009E2797A0EA00E8E305 /* UIStackView+Extension.swift */ = {isa = PBXFileReference; lastKnownFileType = sourcecode.swift; path = "UIStackView+Extension.swift"; sourceTree = "<group>"; };
		D47D00A22797A1A600E8E305 /* MainListCoin.swift */ = {isa = PBXFileReference; lastKnownFileType = sourcecode.swift; path = MainListCoin.swift; sourceTree = "<group>"; };
		D47D00A42797A70400E8E305 /* String+Extension.swift */ = {isa = PBXFileReference; lastKnownFileType = sourcecode.swift; path = "String+Extension.swift"; sourceTree = "<group>"; };
		D4AFEB2A27A01FC300011251 /* RestAPITransaction.swift */ = {isa = PBXFileReference; lastKnownFileType = sourcecode.swift; path = RestAPITransaction.swift; sourceTree = "<group>"; };
		D4AFEB2C27A0350800011251 /* Transaction.swift */ = {isa = PBXFileReference; lastKnownFileType = sourcecode.swift; path = Transaction.swift; sourceTree = "<group>"; };
		D4AFEB2E27A03FB300011251 /* MainListCoinViewModel.swift */ = {isa = PBXFileReference; lastKnownFileType = sourcecode.swift; path = MainListCoinViewModel.swift; sourceTree = "<group>"; };
		D4AFEB3027A0414200011251 /* MainListCoinsViewModel.swift */ = {isa = PBXFileReference; lastKnownFileType = sourcecode.swift; path = MainListCoinsViewModel.swift; sourceTree = "<group>"; };
		D4AFEB3227A0552500011251 /* MainListHeaderViewModel.swift */ = {isa = PBXFileReference; lastKnownFileType = sourcecode.swift; path = MainListHeaderViewModel.swift; sourceTree = "<group>"; };
		D4CC01ED27953FAE00F15957 /* CryptocurrencyTradingApp.app */ = {isa = PBXFileReference; explicitFileType = wrapper.application; includeInIndex = 0; path = CryptocurrencyTradingApp.app; sourceTree = BUILT_PRODUCTS_DIR; };
		D4CC01F027953FAF00F15957 /* AppDelegate.swift */ = {isa = PBXFileReference; lastKnownFileType = sourcecode.swift; path = AppDelegate.swift; sourceTree = "<group>"; };
		D4CC01F227953FAF00F15957 /* SceneDelegate.swift */ = {isa = PBXFileReference; lastKnownFileType = sourcecode.swift; path = SceneDelegate.swift; sourceTree = "<group>"; };
		D4CC01F427953FAF00F15957 /* ViewController.swift */ = {isa = PBXFileReference; lastKnownFileType = sourcecode.swift; path = ViewController.swift; sourceTree = "<group>"; };
		D4CC01FA27953FAF00F15957 /* CryptocurrencyTradingApp.xcdatamodel */ = {isa = PBXFileReference; lastKnownFileType = wrapper.xcdatamodel; path = CryptocurrencyTradingApp.xcdatamodel; sourceTree = "<group>"; };
		D4CC01FC27953FB000F15957 /* Assets.xcassets */ = {isa = PBXFileReference; lastKnownFileType = folder.assetcatalog; path = Assets.xcassets; sourceTree = "<group>"; };
		D4CC01FF27953FB000F15957 /* Base */ = {isa = PBXFileReference; lastKnownFileType = file.storyboard; name = Base; path = Base.lproj/LaunchScreen.storyboard; sourceTree = "<group>"; };
		D4CC020127953FB000F15957 /* Info.plist */ = {isa = PBXFileReference; lastKnownFileType = text.plist.xml; path = Info.plist; sourceTree = "<group>"; };
		D4CC020827953FD300F15957 /* TickerAll.swift */ = {isa = PBXFileReference; lastKnownFileType = sourcecode.swift; path = TickerAll.swift; sourceTree = "<group>"; };
		D4CC020A279540CF00F15957 /* WebSockerTicker.swift */ = {isa = PBXFileReference; lastKnownFileType = sourcecode.swift; path = WebSockerTicker.swift; sourceTree = "<group>"; };
		D4CC020C2795411A00F15957 /* WebSocketTransaction.swift */ = {isa = PBXFileReference; lastKnownFileType = sourcecode.swift; path = WebSocketTransaction.swift; sourceTree = "<group>"; };
		D4CC021327954B7000F15957 /* NetworkError.swift */ = {isa = PBXFileReference; lastKnownFileType = sourcecode.swift; path = NetworkError.swift; sourceTree = "<group>"; };
		D4CC02212795504900F15957 /* RestAPIType.swift */ = {isa = PBXFileReference; lastKnownFileType = sourcecode.swift; path = RestAPIType.swift; sourceTree = "<group>"; };
		D4CC02262795B3C700F15957 /* RestAPIManager.swift */ = {isa = PBXFileReference; lastKnownFileType = sourcecode.swift; path = RestAPIManager.swift; sourceTree = "<group>"; };
		D4CC0264279690B800F15957 /* RestAPIDataModel.swift */ = {isa = PBXFileReference; lastKnownFileType = sourcecode.swift; path = RestAPIDataModel.swift; sourceTree = "<group>"; };
		D4D0D1FF2799A35100734C42 /* MainListViewController.swift */ = {isa = PBXFileReference; lastKnownFileType = sourcecode.swift; path = MainListViewController.swift; sourceTree = "<group>"; };
		D4D0D29B279B083200734C42 /* MainListHeaderView.swift */ = {isa = PBXFileReference; lastKnownFileType = sourcecode.swift; path = MainListHeaderView.swift; sourceTree = "<group>"; };
		D4D0D29D279C29B500734C42 /* Sort.swift */ = {isa = PBXFileReference; lastKnownFileType = sourcecode.swift; path = Sort.swift; sourceTree = "<group>"; };
		D4D0D292279AE73000734C42 /* CandleData+CoreDataClass.swift */ = {isa = PBXFileReference; lastKnownFileType = sourcecode.swift; path = "CandleData+CoreDataClass.swift"; sourceTree = "<group>"; };
		D4D0D293279AE73000734C42 /* CandleData+CoreDataProperties.swift */ = {isa = PBXFileReference; lastKnownFileType = sourcecode.swift; path = "CandleData+CoreDataProperties.swift"; sourceTree = "<group>"; };
		D4D0D297279AE7A000734C42 /* CandleCoreDataManager.swift */ = {isa = PBXFileReference; lastKnownFileType = sourcecode.swift; path = CandleCoreDataManager.swift; sourceTree = "<group>"; };
		D4D0D29B279B083200734C42 /* MainListHeaderView.swift */ = {isa = PBXFileReference; lastKnownFileType = sourcecode.swift; path = MainListHeaderView.swift; sourceTree = "<group>"; };
		D4D0D29D279C29B500734C42 /* Sort.swift */ = {isa = PBXFileReference; lastKnownFileType = sourcecode.swift; path = Sort.swift; sourceTree = "<group>"; };
		D4D0D2B127A0024B00734C42 /* TransactionViewModel.swift */ = {isa = PBXFileReference; lastKnownFileType = sourcecode.swift; path = TransactionViewModel.swift; sourceTree = "<group>"; };
		E64BFA262795616600BC17A1 /* WebsocketManager.swift */ = {isa = PBXFileReference; lastKnownFileType = sourcecode.swift; path = WebsocketManager.swift; sourceTree = "<group>"; };
		E64BFA2B27956FAC00BC17A1 /* WebsocketParameter.swift */ = {isa = PBXFileReference; lastKnownFileType = sourcecode.swift; path = WebsocketParameter.swift; sourceTree = "<group>"; };
		E64BFA2D27956FCF00BC17A1 /* RequestTik.swift */ = {isa = PBXFileReference; lastKnownFileType = sourcecode.swift; path = RequestTik.swift; sourceTree = "<group>"; };
		E64BFA2F27956FF400BC17A1 /* RequestType.swift */ = {isa = PBXFileReference; lastKnownFileType = sourcecode.swift; path = RequestType.swift; sourceTree = "<group>"; };
		E64BFA3127958BD900BC17A1 /* CoinType.swift */ = {isa = PBXFileReference; lastKnownFileType = sourcecode.swift; path = CoinType.swift; sourceTree = "<group>"; };
		E64BFA3527959B7100BC17A1 /* WebSocketDataModel.swift */ = {isa = PBXFileReference; lastKnownFileType = sourcecode.swift; path = WebSocketDataModel.swift; sourceTree = "<group>"; };
		E64BFA3827959D3100BC17A1 /* NotificationName+Extension.swift */ = {isa = PBXFileReference; lastKnownFileType = sourcecode.swift; path = "NotificationName+Extension.swift"; sourceTree = "<group>"; };
		E687135F2798422B0036CA0D /* CandleStick.swift */ = {isa = PBXFileReference; lastKnownFileType = sourcecode.swift; path = CandleStick.swift; sourceTree = "<group>"; };
		E6899C6F279544CC0006C980 /* ParsingManager.swift */ = {isa = PBXFileReference; lastKnownFileType = sourcecode.swift; path = ParsingManager.swift; sourceTree = "<group>"; };
		E6899C72279546320006C980 /* ParsingError.swift */ = {isa = PBXFileReference; lastKnownFileType = sourcecode.swift; path = ParsingError.swift; sourceTree = "<group>"; };
		E6C96496279A9A7F0007B55E /* RequestChartInterval.swift */ = {isa = PBXFileReference; lastKnownFileType = sourcecode.swift; path = RequestChartInterval.swift; sourceTree = "<group>"; };
		E6EC8682279AC36C005A6534 /* ChartViewController.swift */ = {isa = PBXFileReference; lastKnownFileType = sourcecode.swift; path = ChartViewController.swift; sourceTree = "<group>"; };
/* End PBXFileReference section */

/* Begin PBXFrameworksBuildPhase section */
		D4CC01EA27953FAE00F15957 /* Frameworks */ = {
			isa = PBXFrameworksBuildPhase;
			buildActionMask = 2147483647;
			files = (
				E61B2C082796BC5700E919B0 /* SnapKit in Frameworks */,
				E61B2C032796BC4100E919B0 /* Charts in Frameworks */,
			);
			runOnlyForDeploymentPostprocessing = 0;
		};
/* End PBXFrameworksBuildPhase section */

/* Begin PBXGroup section */
		D47D00982797983B00E8E305 /* Controller */ = {
			isa = PBXGroup;
			children = (
				D4D0D1FF2799A35100734C42 /* MainListViewController.swift */,
			);
			path = Controller;
			sourceTree = "<group>";
		};
		D47D00992797A01800E8E305 /* View */ = {
			isa = PBXGroup;
			children = (
				D47D009A2797A09400E8E305 /* MainListTableViewCell.swift */,
				D4D0D29B279B083200734C42 /* MainListHeaderView.swift */,
			);
			path = View;
			sourceTree = "<group>";
		};
		D4CC01E427953FAE00F15957 = {
			isa = PBXGroup;
			children = (
				D4D0D292279AE73000734C42 /* CandleData+CoreDataClass.swift */,
				D4D0D293279AE73000734C42 /* CandleData+CoreDataProperties.swift */,
				D4CC01EF27953FAF00F15957 /* CryptocurrencyTradingApp */,
				D4CC01EE27953FAE00F15957 /* Products */,
			);
			sourceTree = "<group>";
		};
		D4CC01EE27953FAE00F15957 /* Products */ = {
			isa = PBXGroup;
			children = (
				D4CC01ED27953FAE00F15957 /* CryptocurrencyTradingApp.app */,
			);
			name = Products;
			sourceTree = "<group>";
		};
		D4CC01EF27953FAF00F15957 /* CryptocurrencyTradingApp */ = {
			isa = PBXGroup;
			children = (
				D4D0D296279AE79400734C42 /* CoreData */,
				E64BFA3727959D1600BC17A1 /* Extension */,
				D4CC021E27954F3D00F15957 /* Enum */,
				D4CC020E27954AEC00F15957 /* Protocol */,
				E6899C712795460E0006C980 /* ErrorCase */,
				E6899C6E2795444E0006C980 /* Manager */,
				D4CC020727953FCD00F15957 /* Model */,
				D47D00992797A01800E8E305 /* View */,
				D4D0D2AA27A000CD00734C42 /* ViewModel */,
				E6899C6E2795444E0006C980 /* Services */,
				D47D00982797983B00E8E305 /* Controller */,
				D4CC01F027953FAF00F15957 /* AppDelegate.swift */,
				D4CC01F227953FAF00F15957 /* SceneDelegate.swift */,
				D4CC01F427953FAF00F15957 /* ViewController.swift */,
				E6EC8682279AC36C005A6534 /* ChartViewController.swift */,
				D4CC01FC27953FB000F15957 /* Assets.xcassets */,
				D4CC01FE27953FB000F15957 /* LaunchScreen.storyboard */,
				D4CC020127953FB000F15957 /* Info.plist */,
				D4CC01F927953FAF00F15957 /* CryptocurrencyTradingApp.xcdatamodeld */,
			);
			path = CryptocurrencyTradingApp;
			sourceTree = "<group>";
		};
		D4CC020727953FCD00F15957 /* Model */ = {
			isa = PBXGroup;
			children = (
				D4CC020827953FD300F15957 /* TickerAll.swift */,
				E687135F2798422B0036CA0D /* CandleStick.swift */,
				D4CC020A279540CF00F15957 /* WebSockerTicker.swift */,
				D4CC020C2795411A00F15957 /* WebSocketTransaction.swift */,
				E64BFA2B27956FAC00BC17A1 /* WebsocketParameter.swift */,
				D47D00A22797A1A600E8E305 /* MainListCoin.swift */,
				D4AFEB2A27A01FC300011251 /* RestAPITransaction.swift */,
				D4AFEB2C27A0350800011251 /* Transaction.swift */,
			);
			path = Model;
			sourceTree = "<group>";
		};
		D4CC020E27954AEC00F15957 /* Protocol */ = {
			isa = PBXGroup;
			children = (
				D4CC0264279690B800F15957 /* RestAPIDataModel.swift */,
				E64BFA3527959B7100BC17A1 /* WebSocketDataModel.swift */,
			);
			path = Protocol;
			sourceTree = "<group>";
		};
		D4CC021E27954F3D00F15957 /* Enum */ = {
			isa = PBXGroup;
			children = (
				D4CC02212795504900F15957 /* RestAPIType.swift */,
				E64BFA2D27956FCF00BC17A1 /* RequestTik.swift */,
				E64BFA2F27956FF400BC17A1 /* RequestType.swift */,
				E6C96496279A9A7F0007B55E /* RequestChartInterval.swift */,
				E64BFA3127958BD900BC17A1 /* CoinType.swift */,
				D4D0D29D279C29B500734C42 /* Sort.swift */,
			);
			path = Enum;
			sourceTree = "<group>";
		};
		D4D0D296279AE79400734C42 /* CoreData */ = {
			isa = PBXGroup;
			children = (
				D4D0D297279AE7A000734C42 /* CandleCoreDataManager.swift */,
			);
			path = CoreData;
			sourceTree = "<group>";
		};
		D4D0D2AA27A000CD00734C42 /* ViewModel */ = {
			isa = PBXGroup;
			children = (
				D4D0D2B127A0024B00734C42 /* TransactionViewModel.swift */,
				D4AFEB2E27A03FB300011251 /* MainListCoinViewModel.swift */,
				D4AFEB3027A0414200011251 /* MainListCoinsViewModel.swift */,
				D4AFEB3227A0552500011251 /* MainListHeaderViewModel.swift */,
			);
			path = ViewModel;
			sourceTree = "<group>";
		};
		E64BFA3727959D1600BC17A1 /* Extension */ = {
			isa = PBXGroup;
			children = (
				E64BFA3827959D3100BC17A1 /* NotificationName+Extension.swift */,
				D47D009C2797A0C700E8E305 /* UILable+Extension.swift */,
				D47D009E2797A0EA00E8E305 /* UIStackView+Extension.swift */,
				D47D00A42797A70400E8E305 /* String+Extension.swift */,
			);
			path = Extension;
			sourceTree = "<group>";
		};
		E6899C6E2795444E0006C980 /* Services */ = {
			isa = PBXGroup;
			children = (
				E6899C6F279544CC0006C980 /* ParsingManager.swift */,
				E64BFA262795616600BC17A1 /* WebsocketManager.swift */,
				D4CC02262795B3C700F15957 /* RestAPIManager.swift */,
			);
			path = Services;
			sourceTree = "<group>";
		};
		E6899C712795460E0006C980 /* ErrorCase */ = {
			isa = PBXGroup;
			children = (
				E6899C72279546320006C980 /* ParsingError.swift */,
				D4CC021327954B7000F15957 /* NetworkError.swift */,
			);
			path = ErrorCase;
			sourceTree = "<group>";
		};
/* End PBXGroup section */

/* Begin PBXNativeTarget section */
		D4CC01EC27953FAE00F15957 /* CryptocurrencyTradingApp */ = {
			isa = PBXNativeTarget;
			buildConfigurationList = D4CC020427953FB000F15957 /* Build configuration list for PBXNativeTarget "CryptocurrencyTradingApp" */;
			buildPhases = (
				D4CC01E927953FAE00F15957 /* Sources */,
				D4CC01EA27953FAE00F15957 /* Frameworks */,
				D4CC01EB27953FAE00F15957 /* Resources */,
			);
			buildRules = (
			);
			dependencies = (
			);
			name = CryptocurrencyTradingApp;
			packageProductDependencies = (
				E61B2C022796BC4100E919B0 /* Charts */,
				E61B2C072796BC5700E919B0 /* SnapKit */,
			);
			productName = CryptocurrencyTradingApp;
			productReference = D4CC01ED27953FAE00F15957 /* CryptocurrencyTradingApp.app */;
			productType = "com.apple.product-type.application";
		};
/* End PBXNativeTarget section */

/* Begin PBXProject section */
		D4CC01E527953FAE00F15957 /* Project object */ = {
			isa = PBXProject;
			attributes = {
				BuildIndependentTargetsInParallel = 1;
				LastSwiftUpdateCheck = 1310;
				LastUpgradeCheck = 1310;
				TargetAttributes = {
					D4CC01EC27953FAE00F15957 = {
						CreatedOnToolsVersion = 13.1;
					};
				};
			};
			buildConfigurationList = D4CC01E827953FAE00F15957 /* Build configuration list for PBXProject "CryptocurrencyTradingApp" */;
			compatibilityVersion = "Xcode 13.0";
			developmentRegion = en;
			hasScannedForEncodings = 0;
			knownRegions = (
				en,
				Base,
			);
			mainGroup = D4CC01E427953FAE00F15957;
			packageReferences = (
				E61B2C012796BC4100E919B0 /* XCRemoteSwiftPackageReference "Charts" */,
				E61B2C062796BC5700E919B0 /* XCRemoteSwiftPackageReference "SnapKit" */,
			);
			productRefGroup = D4CC01EE27953FAE00F15957 /* Products */;
			projectDirPath = "";
			projectRoot = "";
			targets = (
				D4CC01EC27953FAE00F15957 /* CryptocurrencyTradingApp */,
			);
		};
/* End PBXProject section */

/* Begin PBXResourcesBuildPhase section */
		D4CC01EB27953FAE00F15957 /* Resources */ = {
			isa = PBXResourcesBuildPhase;
			buildActionMask = 2147483647;
			files = (
				D4CC020027953FB000F15957 /* LaunchScreen.storyboard in Resources */,
				D4CC01FD27953FB000F15957 /* Assets.xcassets in Resources */,
			);
			runOnlyForDeploymentPostprocessing = 0;
		};
/* End PBXResourcesBuildPhase section */

/* Begin PBXSourcesBuildPhase section */
		D4CC01E927953FAE00F15957 /* Sources */ = {
			isa = PBXSourcesBuildPhase;
			buildActionMask = 2147483647;
			files = (
				D4D0D295279AE73000734C42 /* CandleData+CoreDataProperties.swift in Sources */,
				E6899C70279544CC0006C980 /* ParsingManager.swift in Sources */,
				E6EC8683279AC36C005A6534 /* ChartViewController.swift in Sources */,
				D4D0D29E279C29B500734C42 /* Sort.swift in Sources */,
				D4AFEB2B27A01FC300011251 /* RestAPITransaction.swift in Sources */,
				D4D0D2002799A35100734C42 /* MainListViewController.swift in Sources */,
				E64BFA3027956FF400BC17A1 /* RequestType.swift in Sources */,
				D4CC01F527953FAF00F15957 /* ViewController.swift in Sources */,
				D4CC020B279540CF00F15957 /* WebSockerTicker.swift in Sources */,
				D4AFEB3327A0552500011251 /* MainListHeaderViewModel.swift in Sources */,
				D4D0D298279AE7A000734C42 /* CandleCoreDataManager.swift in Sources */,
				D4D0D294279AE73000734C42 /* CandleData+CoreDataClass.swift in Sources */,
				D4CC01F127953FAF00F15957 /* AppDelegate.swift in Sources */,
				D4CC020927953FD300F15957 /* TickerAll.swift in Sources */,
				E64BFA2E27956FCF00BC17A1 /* RequestTik.swift in Sources */,
				D4CC01F327953FAF00F15957 /* SceneDelegate.swift in Sources */,
				D4D0D2B227A0024B00734C42 /* TransactionViewModel.swift in Sources */,
				D47D00A52797A70400E8E305 /* String+Extension.swift in Sources */,
				D4CC020D2795411A00F15957 /* WebSocketTransaction.swift in Sources */,
				E64BFA3627959B7100BC17A1 /* WebSocketDataModel.swift in Sources */,
				E64BFA272795616600BC17A1 /* WebsocketManager.swift in Sources */,
				E6C96497279A9A7F0007B55E /* RequestChartInterval.swift in Sources */,
				D4CC02272795B3C700F15957 /* RestAPIManager.swift in Sources */,
				D47D009B2797A09400E8E305 /* MainListTableViewCell.swift in Sources */,
				E6899C73279546320006C980 /* ParsingError.swift in Sources */,
				D4CC021427954B7000F15957 /* NetworkError.swift in Sources */,
				D47D00A32797A1A600E8E305 /* MainListCoin.swift in Sources */,
				E64BFA2C27956FAC00BC17A1 /* WebsocketParameter.swift in Sources */,
				D4CC0265279690B800F15957 /* RestAPIDataModel.swift in Sources */,
				E64BFA3927959D3100BC17A1 /* NotificationName+Extension.swift in Sources */,
				D47D009D2797A0C700E8E305 /* UILable+Extension.swift in Sources */,
				D4D0D29C279B083200734C42 /* MainListHeaderView.swift in Sources */,
				D4AFEB2D27A0350800011251 /* Transaction.swift in Sources */,
				D4CC02222795504900F15957 /* RestAPIType.swift in Sources */,
				D4AFEB3127A0414200011251 /* MainListCoinsViewModel.swift in Sources */,
				E64BFA3227958BD900BC17A1 /* CoinType.swift in Sources */,
				E68713602798422B0036CA0D /* CandleStick.swift in Sources */,
				D47D009F2797A0EA00E8E305 /* UIStackView+Extension.swift in Sources */,
				D4AFEB2F27A03FB300011251 /* MainListCoinViewModel.swift in Sources */,
				D4CC01FB27953FAF00F15957 /* CryptocurrencyTradingApp.xcdatamodeld in Sources */,
			);
			runOnlyForDeploymentPostprocessing = 0;
		};
/* End PBXSourcesBuildPhase section */

/* Begin PBXVariantGroup section */
		D4CC01FE27953FB000F15957 /* LaunchScreen.storyboard */ = {
			isa = PBXVariantGroup;
			children = (
				D4CC01FF27953FB000F15957 /* Base */,
			);
			name = LaunchScreen.storyboard;
			sourceTree = "<group>";
		};
/* End PBXVariantGroup section */

/* Begin XCBuildConfiguration section */
		D4CC020227953FB000F15957 /* Debug */ = {
			isa = XCBuildConfiguration;
			buildSettings = {
				ALWAYS_SEARCH_USER_PATHS = NO;
				CLANG_ANALYZER_NONNULL = YES;
				CLANG_ANALYZER_NUMBER_OBJECT_CONVERSION = YES_AGGRESSIVE;
				CLANG_CXX_LANGUAGE_STANDARD = "gnu++17";
				CLANG_CXX_LIBRARY = "libc++";
				CLANG_ENABLE_MODULES = YES;
				CLANG_ENABLE_OBJC_ARC = YES;
				CLANG_ENABLE_OBJC_WEAK = YES;
				CLANG_WARN_BLOCK_CAPTURE_AUTORELEASING = YES;
				CLANG_WARN_BOOL_CONVERSION = YES;
				CLANG_WARN_COMMA = YES;
				CLANG_WARN_CONSTANT_CONVERSION = YES;
				CLANG_WARN_DEPRECATED_OBJC_IMPLEMENTATIONS = YES;
				CLANG_WARN_DIRECT_OBJC_ISA_USAGE = YES_ERROR;
				CLANG_WARN_DOCUMENTATION_COMMENTS = YES;
				CLANG_WARN_EMPTY_BODY = YES;
				CLANG_WARN_ENUM_CONVERSION = YES;
				CLANG_WARN_INFINITE_RECURSION = YES;
				CLANG_WARN_INT_CONVERSION = YES;
				CLANG_WARN_NON_LITERAL_NULL_CONVERSION = YES;
				CLANG_WARN_OBJC_IMPLICIT_RETAIN_SELF = YES;
				CLANG_WARN_OBJC_LITERAL_CONVERSION = YES;
				CLANG_WARN_OBJC_ROOT_CLASS = YES_ERROR;
				CLANG_WARN_QUOTED_INCLUDE_IN_FRAMEWORK_HEADER = YES;
				CLANG_WARN_RANGE_LOOP_ANALYSIS = YES;
				CLANG_WARN_STRICT_PROTOTYPES = YES;
				CLANG_WARN_SUSPICIOUS_MOVE = YES;
				CLANG_WARN_UNGUARDED_AVAILABILITY = YES_AGGRESSIVE;
				CLANG_WARN_UNREACHABLE_CODE = YES;
				CLANG_WARN__DUPLICATE_METHOD_MATCH = YES;
				COPY_PHASE_STRIP = NO;
				DEBUG_INFORMATION_FORMAT = dwarf;
				ENABLE_STRICT_OBJC_MSGSEND = YES;
				ENABLE_TESTABILITY = YES;
				GCC_C_LANGUAGE_STANDARD = gnu11;
				GCC_DYNAMIC_NO_PIC = NO;
				GCC_NO_COMMON_BLOCKS = YES;
				GCC_OPTIMIZATION_LEVEL = 0;
				GCC_PREPROCESSOR_DEFINITIONS = (
					"DEBUG=1",
					"$(inherited)",
				);
				GCC_WARN_64_TO_32_BIT_CONVERSION = YES;
				GCC_WARN_ABOUT_RETURN_TYPE = YES_ERROR;
				GCC_WARN_UNDECLARED_SELECTOR = YES;
				GCC_WARN_UNINITIALIZED_AUTOS = YES_AGGRESSIVE;
				GCC_WARN_UNUSED_FUNCTION = YES;
				GCC_WARN_UNUSED_VARIABLE = YES;
				IPHONEOS_DEPLOYMENT_TARGET = 15.0;
				MTL_ENABLE_DEBUG_INFO = INCLUDE_SOURCE;
				MTL_FAST_MATH = YES;
				ONLY_ACTIVE_ARCH = YES;
				SDKROOT = iphoneos;
				SWIFT_ACTIVE_COMPILATION_CONDITIONS = DEBUG;
				SWIFT_OPTIMIZATION_LEVEL = "-Onone";
			};
			name = Debug;
		};
		D4CC020327953FB000F15957 /* Release */ = {
			isa = XCBuildConfiguration;
			buildSettings = {
				ALWAYS_SEARCH_USER_PATHS = NO;
				CLANG_ANALYZER_NONNULL = YES;
				CLANG_ANALYZER_NUMBER_OBJECT_CONVERSION = YES_AGGRESSIVE;
				CLANG_CXX_LANGUAGE_STANDARD = "gnu++17";
				CLANG_CXX_LIBRARY = "libc++";
				CLANG_ENABLE_MODULES = YES;
				CLANG_ENABLE_OBJC_ARC = YES;
				CLANG_ENABLE_OBJC_WEAK = YES;
				CLANG_WARN_BLOCK_CAPTURE_AUTORELEASING = YES;
				CLANG_WARN_BOOL_CONVERSION = YES;
				CLANG_WARN_COMMA = YES;
				CLANG_WARN_CONSTANT_CONVERSION = YES;
				CLANG_WARN_DEPRECATED_OBJC_IMPLEMENTATIONS = YES;
				CLANG_WARN_DIRECT_OBJC_ISA_USAGE = YES_ERROR;
				CLANG_WARN_DOCUMENTATION_COMMENTS = YES;
				CLANG_WARN_EMPTY_BODY = YES;
				CLANG_WARN_ENUM_CONVERSION = YES;
				CLANG_WARN_INFINITE_RECURSION = YES;
				CLANG_WARN_INT_CONVERSION = YES;
				CLANG_WARN_NON_LITERAL_NULL_CONVERSION = YES;
				CLANG_WARN_OBJC_IMPLICIT_RETAIN_SELF = YES;
				CLANG_WARN_OBJC_LITERAL_CONVERSION = YES;
				CLANG_WARN_OBJC_ROOT_CLASS = YES_ERROR;
				CLANG_WARN_QUOTED_INCLUDE_IN_FRAMEWORK_HEADER = YES;
				CLANG_WARN_RANGE_LOOP_ANALYSIS = YES;
				CLANG_WARN_STRICT_PROTOTYPES = YES;
				CLANG_WARN_SUSPICIOUS_MOVE = YES;
				CLANG_WARN_UNGUARDED_AVAILABILITY = YES_AGGRESSIVE;
				CLANG_WARN_UNREACHABLE_CODE = YES;
				CLANG_WARN__DUPLICATE_METHOD_MATCH = YES;
				COPY_PHASE_STRIP = NO;
				DEBUG_INFORMATION_FORMAT = "dwarf-with-dsym";
				ENABLE_NS_ASSERTIONS = NO;
				ENABLE_STRICT_OBJC_MSGSEND = YES;
				GCC_C_LANGUAGE_STANDARD = gnu11;
				GCC_NO_COMMON_BLOCKS = YES;
				GCC_WARN_64_TO_32_BIT_CONVERSION = YES;
				GCC_WARN_ABOUT_RETURN_TYPE = YES_ERROR;
				GCC_WARN_UNDECLARED_SELECTOR = YES;
				GCC_WARN_UNINITIALIZED_AUTOS = YES_AGGRESSIVE;
				GCC_WARN_UNUSED_FUNCTION = YES;
				GCC_WARN_UNUSED_VARIABLE = YES;
				IPHONEOS_DEPLOYMENT_TARGET = 15.0;
				MTL_ENABLE_DEBUG_INFO = NO;
				MTL_FAST_MATH = YES;
				SDKROOT = iphoneos;
				SWIFT_COMPILATION_MODE = wholemodule;
				SWIFT_OPTIMIZATION_LEVEL = "-O";
				VALIDATE_PRODUCT = YES;
			};
			name = Release;
		};
		D4CC020527953FB000F15957 /* Debug */ = {
			isa = XCBuildConfiguration;
			buildSettings = {
				ASSETCATALOG_COMPILER_APPICON_NAME = AppIcon;
				ASSETCATALOG_COMPILER_GLOBAL_ACCENT_COLOR_NAME = AccentColor;
				CODE_SIGN_STYLE = Automatic;
				CURRENT_PROJECT_VERSION = 1;
				DEVELOPMENT_TEAM = SZAN3SDFY5;
				GENERATE_INFOPLIST_FILE = YES;
				INFOPLIST_FILE = CryptocurrencyTradingApp/Info.plist;
				INFOPLIST_KEY_UIApplicationSupportsIndirectInputEvents = YES;
				INFOPLIST_KEY_UILaunchStoryboardName = LaunchScreen;
				INFOPLIST_KEY_UISupportedInterfaceOrientations_iPad = "UIInterfaceOrientationPortrait UIInterfaceOrientationPortraitUpsideDown UIInterfaceOrientationLandscapeLeft UIInterfaceOrientationLandscapeRight";
				INFOPLIST_KEY_UISupportedInterfaceOrientations_iPhone = "UIInterfaceOrientationPortrait UIInterfaceOrientationLandscapeLeft UIInterfaceOrientationLandscapeRight";
				LD_RUNPATH_SEARCH_PATHS = (
					"$(inherited)",
					"@executable_path/Frameworks",
				);
				MARKETING_VERSION = 1.0;
				PRODUCT_BUNDLE_IDENTIFIER = com.isjoeyful.CryptocurrencyTradingApp;
				PRODUCT_NAME = "$(TARGET_NAME)";
				SWIFT_EMIT_LOC_STRINGS = YES;
				SWIFT_VERSION = 5.0;
				TARGETED_DEVICE_FAMILY = "1,2";
			};
			name = Debug;
		};
		D4CC020627953FB000F15957 /* Release */ = {
			isa = XCBuildConfiguration;
			buildSettings = {
				ASSETCATALOG_COMPILER_APPICON_NAME = AppIcon;
				ASSETCATALOG_COMPILER_GLOBAL_ACCENT_COLOR_NAME = AccentColor;
				CODE_SIGN_STYLE = Automatic;
				CURRENT_PROJECT_VERSION = 1;
				DEVELOPMENT_TEAM = SZAN3SDFY5;
				GENERATE_INFOPLIST_FILE = YES;
				INFOPLIST_FILE = CryptocurrencyTradingApp/Info.plist;
				INFOPLIST_KEY_UIApplicationSupportsIndirectInputEvents = YES;
				INFOPLIST_KEY_UILaunchStoryboardName = LaunchScreen;
				INFOPLIST_KEY_UISupportedInterfaceOrientations_iPad = "UIInterfaceOrientationPortrait UIInterfaceOrientationPortraitUpsideDown UIInterfaceOrientationLandscapeLeft UIInterfaceOrientationLandscapeRight";
				INFOPLIST_KEY_UISupportedInterfaceOrientations_iPhone = "UIInterfaceOrientationPortrait UIInterfaceOrientationLandscapeLeft UIInterfaceOrientationLandscapeRight";
				LD_RUNPATH_SEARCH_PATHS = (
					"$(inherited)",
					"@executable_path/Frameworks",
				);
				MARKETING_VERSION = 1.0;
				PRODUCT_BUNDLE_IDENTIFIER = com.isjoeyful.CryptocurrencyTradingApp;
				PRODUCT_NAME = "$(TARGET_NAME)";
				SWIFT_EMIT_LOC_STRINGS = YES;
				SWIFT_VERSION = 5.0;
				TARGETED_DEVICE_FAMILY = "1,2";
			};
			name = Release;
		};
/* End XCBuildConfiguration section */

/* Begin XCConfigurationList section */
		D4CC01E827953FAE00F15957 /* Build configuration list for PBXProject "CryptocurrencyTradingApp" */ = {
			isa = XCConfigurationList;
			buildConfigurations = (
				D4CC020227953FB000F15957 /* Debug */,
				D4CC020327953FB000F15957 /* Release */,
			);
			defaultConfigurationIsVisible = 0;
			defaultConfigurationName = Release;
		};
		D4CC020427953FB000F15957 /* Build configuration list for PBXNativeTarget "CryptocurrencyTradingApp" */ = {
			isa = XCConfigurationList;
			buildConfigurations = (
				D4CC020527953FB000F15957 /* Debug */,
				D4CC020627953FB000F15957 /* Release */,
			);
			defaultConfigurationIsVisible = 0;
			defaultConfigurationName = Release;
		};
/* End XCConfigurationList section */

/* Begin XCRemoteSwiftPackageReference section */
		E61B2C012796BC4100E919B0 /* XCRemoteSwiftPackageReference "Charts" */ = {
			isa = XCRemoteSwiftPackageReference;
			repositoryURL = "https://github.com/danielgindi/Charts.git";
			requirement = {
				kind = upToNextMajorVersion;
				minimumVersion = 3.6.0;
			};
		};
		E61B2C062796BC5700E919B0 /* XCRemoteSwiftPackageReference "SnapKit" */ = {
			isa = XCRemoteSwiftPackageReference;
			repositoryURL = "https://github.com/SnapKit/SnapKit.git";
			requirement = {
				kind = upToNextMajorVersion;
				minimumVersion = 5.0.0;
			};
		};
/* End XCRemoteSwiftPackageReference section */

/* Begin XCSwiftPackageProductDependency section */
		E61B2C022796BC4100E919B0 /* Charts */ = {
			isa = XCSwiftPackageProductDependency;
			package = E61B2C012796BC4100E919B0 /* XCRemoteSwiftPackageReference "Charts" */;
			productName = Charts;
		};
		E61B2C072796BC5700E919B0 /* SnapKit */ = {
			isa = XCSwiftPackageProductDependency;
			package = E61B2C062796BC5700E919B0 /* XCRemoteSwiftPackageReference "SnapKit" */;
			productName = SnapKit;
		};
/* End XCSwiftPackageProductDependency section */

/* Begin XCVersionGroup section */
		D4CC01F927953FAF00F15957 /* CryptocurrencyTradingApp.xcdatamodeld */ = {
			isa = XCVersionGroup;
			children = (
				D4CC01FA27953FAF00F15957 /* CryptocurrencyTradingApp.xcdatamodel */,
			);
			currentVersion = D4CC01FA27953FAF00F15957 /* CryptocurrencyTradingApp.xcdatamodel */;
			path = CryptocurrencyTradingApp.xcdatamodeld;
			sourceTree = "<group>";
			versionGroupType = wrapper.xcdatamodel;
		};
/* End XCVersionGroup section */
	};
	rootObject = D4CC01E527953FAE00F15957 /* Project object */;
}
